
Microsoft Visual Studio Solution File, Format Version 12.00
# Visual Studio Version 17
VisualStudioVersion = 17.9.34728.123
MinimumVisualStudioVersion = 10.0.40219.1
Project("{FAE04EC0-301F-11D3-BF4B-00C04F79EFBC}") = "FactoryPattern", "FactoryPattern\FactoryPattern.csproj", "{1C706138-AF58-49B6-8985-2C88038A4F21}"
EndProject
Project("{FAE04EC0-301F-11D3-BF4B-00C04F79EFBC}") = "ConsoleApp1", "ConsoleApp1\ConsoleApp1.csproj", "{F3A52FAA-E670-43DF-BB37-F5B9A587F59A}"
EndProject
Global
	GlobalSection(SolutionConfigurationPlatforms) = preSolution
		Debug|Any CPU = Debug|Any CPU
		Release|Any CPU = Release|Any CPU
	EndGlobalSection
	GlobalSection(ProjectConfigurationPlatforms) = postSolution
		{1C706138-AF58-49B6-8985-2C88038A4F21}.Debug|Any CPU.ActiveCfg = Debug|Any CPU
		{1C706138-AF58-49B6-8985-2C88038A4F21}.Debug|Any CPU.Build.0 = Debug|Any CPU
		{1C706138-AF58-49B6-8985-2C88038A4F21}.Release|Any CPU.ActiveCfg = Release|Any CPU
		{1C706138-AF58-49B6-8985-2C88038A4F21}.Release|Any CPU.Build.0 = Release|Any CPU
		{F3A52FAA-E670-43DF-BB37-F5B9A587F59A}.Debug|Any CPU.ActiveCfg = Debug|Any CPU
		{F3A52FAA-E670-43DF-BB37-F5B9A587F59A}.Debug|Any CPU.Build.0 = Debug|Any CPU
		{F3A52FAA-E670-43DF-BB37-F5B9A587F59A}.Release|Any CPU.ActiveCfg = Release|Any CPU
		{F3A52FAA-E670-43DF-BB37-F5B9A587F59A}.Release|Any CPU.Build.0 = Release|Any CPU
	EndGlobalSection
	GlobalSection(SolutionProperties) = preSolution
		HideSolutionNode = FALSE
	EndGlobalSection
	GlobalSection(ExtensibilityGlobals) = postSolution
		SolutionGuid = {B0D39440-B3EA-4179-B556-6772D0F5089F}
	EndGlobalSection
EndGlobal
